dependencies:
- name: result
  repository: file://local-charts/result
  version: 1.0.0
- name: vote
  repository: file://local-charts/vote
  version: 1.0.0
- name: worker
  repository: file://local-charts/worker
  version: 1.0.1
digest: sha256:c45b3bb58052d83b1bfb49c237150333e5d8c0f526d4e6cc196b3a2b5f9c6bd8
generated: "2021-03-01T11:12:55.462372-05:00"
